Microsoft Visual Studio Solution File, Format Version 12.00
# Visual Studio Version 17
VisualStudioVersion = 17.0.31903.59
MinimumVisualStudioVersion = 10.0.40219.1

Project("{9A19103F-16F7-4668-BE54-9A1E7A4F7556}") = "IV-game.Domain", "IV-game.Domain\IV-game.Domain.csproj", "1A3EB441-D872-46CA-9B51-46F1342C21B5"
EndProject
Project("{9A19103F-16F7-4668-BE54-9A1E7A4F7556}") = "IV-game.Application", "IV-game.Application\IV-game.Application.csproj", "E11FBDBB-AFBC-42FB-8DB8-9C5A9DF0C11F"
EndProject
Project("{9A19103F-16F7-4668-BE54-9A1E7A4F7556}") = "IV-game.Infrastructure", "IV-game.Infrastructure\IV-game.Infrastructure.csproj", "FE5A328C-C491-42C1-9716-37C40EE412D9"
EndProject
Project("{9A19103F-16F7-4668-BE54-9A1E7A4F7556}") = "IV-game.Presentation", "IV-game.Presentation\IV-game.Presentation.csproj", "E65B15E5-E6AC-46E5-B5B7-B36E24292CDE"
EndProject
Global
	GlobalSection(SolutionConfigurationPlatforms) = preSolution
		Debug|ARM64 = Debug|ARM64
		Debug|x64 = Debug|x64
		Debug|x86 = Debug|x86
		Release|ARM64 = Release|ARM64
		Release|x64 = Release|x64
		Release|x86 = Release|x86
	EndGlobalSection
	GlobalSection(ProjectConfigurationPlatforms) = postSolution
		1A3EB441-D872-46CA-9B51-46F1342C21B5.Debug|ARM64.ActiveCfg = Debug|ARM64
		1A3EB441-D872-46CA-9B51-46F1342C21B5.Debug|x64.ActiveCfg = Debug|x64
		1A3EB441-D872-46CA-9B51-46F1342C21B5.Debug|x64.Build.0 = Debug|x64
		1A3EB441-D872-46CA-9B51-46F1342C21B5.Debug|x86.ActiveCfg = Debug|x86
		1A3EB441-D872-46CA-9B51-46F1342C21B5.Debug|x86.Build.0 = Debug|x86
		1A3EB441-D872-46CA-9B51-46F1342C21B5.Release|ARM64.ActiveCfg = Release|ARM64
		1A3EB441-D872-46CA-9B51-46F1342C21B5.Release|x64.ActiveCfg = Release|x64
		1A3EB441-D872-46CA-9B51-46F1342C21B5.Release|x64.Build.0 = Release|x64
		1A3EB441-D872-46CA-9B51-46F1342C21B5.Release|x86.ActiveCfg = Release|x86
		1A3EB441-D872-46CA-9B51-46F1342C21B5.Release|x86.Build.0 = Release|x86
		E11FBDBB-AFBC-42FB-8DB8-9C5A9DF0C11F.Debug|ARM64.ActiveCfg = Debug|ARM64
		E11FBDBB-AFBC-42FB-8DB8-9C5A9DF0C11F.Debug|x64.ActiveCfg = Debug|x64
		E11FBDBB-AFBC-42FB-8DB8-9C5A9DF0C11F.Debug|x64.Build.0 = Debug|x64
		E11FBDBB-AFBC-42FB-8DB8-9C5A9DF0C11F.Debug|x86.ActiveCfg = Debug|x86
		E11FBDBB-AFBC-42FB-8DB8-9C5A9DF0C11F.Debug|x86.Build.0 = Debug|x86
		E11FBDBB-AFBC-42FB-8DB8-9C5A9DF0C11F.Release|ARM64.ActiveCfg = Release|ARM64
		E11FBDBB-AFBC-42FB-8DB8-9C5A9DF0C11F.Release|x64.ActiveCfg = Release|x64
		E11FBDBB-AFBC-42FB-8DB8-9C5A9DF0C11F.Release|x64.Build.0 = Release|x64
		E11FBDBB-AFBC-42FB-8DB8-9C5A9DF0C11F.Release|x86.ActiveCfg = Release|x86
		E11FBDBB-AFBC-42FB-8DB8-9C5A9DF0C11F.Release|x86.Build.0 = Release|x86
		FE5A328C-C491-42C1-9716-37C40EE412D9.Debug|ARM64.ActiveCfg = Debug|ARM64
		FE5A328C-C491-42C1-9716-37C40EE412D9.Debug|x64.ActiveCfg = Debug|x64
		FE5A328C-C491-42C1-9716-37C40EE412D9.Debug|x64.Build.0 = Debug|x64
		FE5A328C-C491-42C1-9716-37C40EE412D9.Debug|x86.ActiveCfg = Debug|x86
		FE5A328C-C491-42C1-9716-37C40EE412D9.Debug|x86.Build.0 = Debug|x86
		FE5A328C-C491-42C1-9716-37C40EE412D9.Release|ARM64.ActiveCfg = Release|ARM64
		FE5A328C-C491-42C1-9716-37C40EE412D9.Release|x64.ActiveCfg = Release|x64
		FE5A328C-C491-42C1-9716-37C40EE412D9.Release|x64.Build.0 = Release|x64
		FE5A328C-C491-42C1-9716-37C40EE412D9.Release|x86.ActiveCfg = Release|x86
		FE5A328C-C491-42C1-9716-37C40EE412D9.Release|x86.Build.0 = Release|x86
		E65B15E5-E6AC-46E5-B5B7-B36E24292CDE.Debug|ARM64.ActiveCfg = Debug|ARM64
		E65B15E5-E6AC-46E5-B5B7-B36E24292CDE.Debug|x64.ActiveCfg = Debug|x64
		E65B15E5-E6AC-46E5-B5B7-B36E24292CDE.Debug|x64.Build.0 = Debug|x64
		E65B15E5-E6AC-46E5-B5B7-B36E24292CDE.Debug|x86.ActiveCfg = Debug|x86
		E65B15E5-E6AC-46E5-B5B7-B36E24292CDE.Debug|x86.Build.0 = Debug|x86
		E65B15E5-E6AC-46E5-B5B7-B36E24292CDE.Release|ARM64.ActiveCfg = Release|ARM64
		E65B15E5-E6AC-46E5-B5B7-B36E24292CDE.Release|x64.ActiveCfg = Release|x64
		E65B15E5-E6AC-46E5-B5B7-B36E24292CDE.Release|x64.Build.0 = Release|x64
		E65B15E5-E6AC-46E5-B5B7-B36E24292CDE.Release|x86.ActiveCfg = Release|x86
		E65B15E5-E6AC-46E5-B5B7-B36E24292CDE.Release|x86.Build.0 = Release|x86
	EndGlobalSection
	GlobalSection(SolutionProperties) = preSolution
		HideSolutionNode = FALSE
	EndGlobalSection
EndGlobal
